
Microsoft Visual Studio Solution File, Format Version 12.00
# Visual Studio Version 17
VisualStudioVersion = 17.5.002.0
MinimumVisualStudioVersion = 10.0.40219.1
Project("{9A19103F-16F7-4668-BE54-9A1E7A4F7556}") = "MyWebApp", "MyWebApp\MyWebApp.csproj", "{CCEBC8F2-FCE3-4932-946A-19DADBBB0BF1}"
EndProject
Global
	GlobalSection(SolutionConfigurationPlatforms) = preSolution
		Debug|Any CPU = Debug|Any CPU
		Release|Any CPU = Release|Any CPU
	EndGlobalSection
	GlobalSection(ProjectConfigurationPlatforms) = postSolution
		{CCEBC8F2-FCE3-4932-946A-19DADBBB0BF1}.Debug|Any CPU.ActiveCfg = Debug|Any CPU
		{CCEBC8F2-FCE3-4932-946A-19DADBBB0BF1}.Debug|Any CPU.Build.0 = Debug|Any CPU
		{CCEBC8F2-FCE3-4932-946A-19DADBBB0BF1}.Release|Any CPU.ActiveCfg = Release|Any CPU
		{CCEBC8F2-FCE3-4932-946A-19DADBBB0BF1}.Release|Any CPU.Build.0 = Release|Any CPU
	EndGlobalSection
	GlobalSection(SolutionProperties) = preSolution
		HideSolutionNode = FALSE
	EndGlobalSection
	GlobalSection(ExtensibilityGlobals) = postSolution
		SolutionGuid = {635E426C-4142-4723-BFC2-6497F546995C}
	EndGlobalSection
EndGlobal
